
Microsoft Visual Studio Solution File, Format Version 12.00
# Visual Studio Version 16
VisualStudioVersion = 16.0.30907.101
MinimumVisualStudioVersion = 10.0.40219.1
Project("{9A19103F-16F7-4668-BE54-9A1E7A4F7556}") = "ProjectMoon", "ProjectMoon\ProjectMoon.csproj", "{A26DEC3F-DA0F-4D75-A460-7D99AD4FDCAA}"
EndProject
Project("{9A19103F-16F7-4668-BE54-9A1E7A4F7556}") = "Game1", "..\..\umbrella\UmbrellaToolKit.Pipeline\MonoGame.ContentPipeline.UmbrellaToolKit2\MonoGame.ContentPipeline.UmbrellaToolKit2\Game1\Game1\Game1.csproj", "{2EC0DB64-1DD4-4B92-A67E-D6E78E72D2FD}"
EndProject
Project("{9A19103F-16F7-4668-BE54-9A1E7A4F7556}") = "UmbrellaToolsKit", "..\..\umbrella\UmbrellaToolsKit3\UmbrellaToolsKit\UmbrellaToolsKit\UmbrellaToolsKit.csproj", "{A8C2ED56-6B75-4935-8645-2E911F283FC7}"
EndProject
Global
	GlobalSection(SolutionConfigurationPlatforms) = preSolution
		Debug|Any CPU = Debug|Any CPU
		Release|Any CPU = Release|Any CPU
	EndGlobalSection
	GlobalSection(ProjectConfigurationPlatforms) = postSolution
		{A26DEC3F-DA0F-4D75-A460-7D99AD4FDCAA}.Debug|Any CPU.ActiveCfg = Debug|Any CPU
		{A26DEC3F-DA0F-4D75-A460-7D99AD4FDCAA}.Debug|Any CPU.Build.0 = Debug|Any CPU
		{A26DEC3F-DA0F-4D75-A460-7D99AD4FDCAA}.Release|Any CPU.ActiveCfg = Release|Any CPU
		{A26DEC3F-DA0F-4D75-A460-7D99AD4FDCAA}.Release|Any CPU.Build.0 = Release|Any CPU
		{2EC0DB64-1DD4-4B92-A67E-D6E78E72D2FD}.Debug|Any CPU.ActiveCfg = Debug|Any CPU
		{2EC0DB64-1DD4-4B92-A67E-D6E78E72D2FD}.Debug|Any CPU.Build.0 = Debug|Any CPU
		{2EC0DB64-1DD4-4B92-A67E-D6E78E72D2FD}.Release|Any CPU.ActiveCfg = Release|Any CPU
		{2EC0DB64-1DD4-4B92-A67E-D6E78E72D2FD}.Release|Any CPU.Build.0 = Release|Any CPU
		{A8C2ED56-6B75-4935-8645-2E911F283FC7}.Debug|Any CPU.ActiveCfg = Debug|Any CPU
		{A8C2ED56-6B75-4935-8645-2E911F283FC7}.Debug|Any CPU.Build.0 = Debug|Any CPU
		{A8C2ED56-6B75-4935-8645-2E911F283FC7}.Release|Any CPU.ActiveCfg = Release|Any CPU
		{A8C2ED56-6B75-4935-8645-2E911F283FC7}.Release|Any CPU.Build.0 = Release|Any CPU
	EndGlobalSection
	GlobalSection(SolutionProperties) = preSolution
		HideSolutionNode = FALSE
	EndGlobalSection
	GlobalSection(ExtensibilityGlobals) = postSolution
		SolutionGuid = {B6C7BB89-F46A-4965-A122-74EA379AD2C5}
	EndGlobalSection
EndGlobal
